// !$*UTF8*$!
{
	archiveVersion = 1;
	classes = {
	};
	objectVersion = 50;
	objects = {

/* Begin PBXBuildFile section */
		9719B77222545A9E00D6D317 /* AppDelegate.swift in Sources */ = {isa = PBXBuildFile; fileRef = 9719B77122545A9E00D6D317 /* AppDelegate.swift */; };
		9719B77422545A9E00D6D317 /* ViewController.swift in Sources */ = {isa = PBXBuildFile; fileRef = 9719B77322545A9E00D6D317 /* ViewController.swift */; };
		9719B77722545A9E00D6D317 /* Main.storyboard in Resources */ = {isa = PBXBuildFile; fileRef = 9719B77522545A9E00D6D317 /* Main.storyboard */; };
		9719B77922545AA000D6D317 /* Assets.xcassets in Resources */ = {isa = PBXBuildFile; fileRef = 9719B77822545AA000D6D317 /* Assets.xcassets */; };
		9719B77C22545AA000D6D317 /* LaunchScreen.storyboard in Resources */ = {isa = PBXBuildFile; fileRef = 9719B77A22545AA000D6D317 /* LaunchScreen.storyboard */; };
		9719B78422545B0800D6D317 /* MasterTableViewController.swift in Sources */ = {isa = PBXBuildFile; fileRef = 9719B78322545B0800D6D317 /* MasterTableViewController.swift */; };
		9719B78622545B4600D6D317 /* ShowTableViewController.swift in Sources */ = {isa = PBXBuildFile; fileRef = 9719B78522545B4600D6D317 /* ShowTableViewController.swift */; };
		9719B78822545F7C00D6D317 /* Search.storyboard in Resources */ = {isa = PBXBuildFile; fileRef = 9719B78722545F7C00D6D317 /* Search.storyboard */; };
/* End PBXBuildFile section */

/* Begin PBXFileReference section */
		9719B76E22545A9E00D6D317 /* SearchBar2.app */ = {isa = PBXFileReference; explicitFileType = wrapper.application; includeInIndex = 0; path = SearchBar2.app; sourceTree = BUILT_PRODUCTS_DIR; };
		9719B77122545A9E00D6D317 /* AppDelegate.swift */ = {isa = PBXFileReference; lastKnownFileType = sourcecode.swift; path = AppDelegate.swift; sourceTree = "<group>"; };
		9719B77322545A9E00D6D317 /* ViewController.swift */ = {isa = PBXFileReference; lastKnownFileType = sourcecode.swift; path = ViewController.swift; sourceTree = "<group>"; };
		9719B77622545A9E00D6D317 /* Base */ = {isa = PBXFileReference; lastKnownFileType = file.storyboard; name = Base; path = Base.lproj/Main.storyboard; sourceTree = "<group>"; };
		9719B77822545AA000D6D317 /* Assets.xcassets */ = {isa = PBXFileReference; lastKnownFileType = folder.assetcatalog; path = Assets.xcassets; sourceTree = "<group>"; };
		9719B77B22545AA000D6D317 /* Base */ = {isa = PBXFileReference; lastKnownFileType = file.storyboard; name = Base; path = Base.lproj/LaunchScreen.storyboard; sourceTree = "<group>"; };
		9719B77D22545AA000D6D317 /* Info.plist */ = {isa = PBXFileReference; lastKnownFileType = text.plist.xml; path = Info.plist; sourceTree = "<group>"; };
		9719B78322545B0800D6D317 /* MasterTableViewController.swift */ = {isa = PBXFileReference; lastKnownFileType = sourcecode.swift; path = MasterTableViewController.swift; sourceTree = "<group>"; };
		9719B78522545B4600D6D317 /* ShowTableViewController.swift */ = {isa = PBXFileReference; lastKnownFileType = sourcecode.swift; path = ShowTableViewController.swift; sourceTree = "<group>"; };
		9719B78722545F7C00D6D317 /* Search.storyboard */ = {isa = PBXFileReference; lastKnownFileType = file.storyboard; path = Search.storyboard; sourceTree = "<group>"; };
/* End PBXFileReference section */

/* Begin PBXFrameworksBuildPhase section */
		9719B76B22545A9E00D6D317 /* Frameworks */ = {
			isa = PBXFrameworksBuildPhase;
			buildActionMask = 2147483647;
			files = (
			);
			runOnlyForDeploymentPostprocessing = 0;
		};
/* End PBXFrameworksBuildPhase section */

/* Begin PBXGroup section */
		9719B76522545A9E00D6D317 = {
			isa = PBXGroup;
			children = (
				9719B77022545A9E00D6D317 /* SearchBar2 */,
				9719B76F22545A9E00D6D317 /* Products */,
			);
			sourceTree = "<group>";
		};
		9719B76F22545A9E00D6D317 /* Products */ = {
			isa = PBXGroup;
			children = (
				9719B76E22545A9E00D6D317 /* SearchBar2.app */,
			);
			name = Products;
			sourceTree = "<group>";
		};
		9719B77022545A9E00D6D317 /* SearchBar2 */ = {
			isa = PBXGroup;
			children = (
				9719B77122545A9E00D6D317 /* AppDelegate.swift */,
				9719B77322545A9E00D6D317 /* ViewController.swift */,
				9719B78322545B0800D6D317 /* MasterTableViewController.swift */,
				9719B78522545B4600D6D317 /* ShowTableViewController.swift */,
				9719B78722545F7C00D6D317 /* Search.storyboard */,
				9719B77522545A9E00D6D317 /* Main.storyboard */,
				9719B77822545AA000D6D317 /* Assets.xcassets */,
				9719B77A22545AA000D6D317 /* LaunchScreen.storyboard */,
				9719B77D22545AA000D6D317 /* Info.plist */,
			);
			path = SearchBar2;
			sourceTree = "<group>";
		};
/* End PBXGroup section */

/* Begin PBXNativeTarget section */
		9719B76D22545A9E00D6D317 /* SearchBar2 */ = {
			isa = PBXNativeTarget;
			buildConfigurationList = 9719B78022545AA000D6D317 /* Build configuration list for PBXNativeTarget "SearchBar2" */;
			buildPhases = (
				9719B76A22545A9E00D6D317 /* Sources */,
				9719B76B22545A9E00D6D317 /* Frameworks */,
				9719B76C22545A9E00D6D317 /* Resources */,
			);
			buildRules = (
			);
			dependencies = (
			);
			name = SearchBar2;
			productName = SearchBar2;
			productReference = 9719B76E22545A9E00D6D317 /* SearchBar2.app */;
			productType = "com.apple.product-type.application";
		};
/* End PBXNativeTarget section */

/* Begin PBXProject section */
		9719B76622545A9E00D6D317 /* Project object */ = {
			isa = PBXProject;
			attributes = {
				LastSwiftUpdateCheck = 0940;
				LastUpgradeCheck = 0940;
				ORGANIZATIONNAME = "Vũ";
				TargetAttributes = {
					9719B76D22545A9E00D6D317 = {
						CreatedOnToolsVersion = 9.4.1;
					};
				};
			};
			buildConfigurationList = 9719B76922545A9E00D6D317 /* Build configuration list for PBXProject "SearchBar2" */;
			compatibilityVersion = "Xcode 9.3";
			developmentRegion = en;
			hasScannedForEncodings = 0;
			knownRegions = (
				en,
				Base,
			);
			mainGroup = 9719B76522545A9E00D6D317;
			productRefGroup = 9719B76F22545A9E00D6D317 /* Products */;
			projectDirPath = "";
			projectRoot = "";
			targets = (
				9719B76D22545A9E00D6D317 /* SearchBar2 */,
			);
		};
/* End PBXProject section */

/* Begin PBXResourcesBuildPhase section */
		9719B76C22545A9E00D6D317 /* Resources */ = {
			isa = PBXResourcesBuildPhase;
			buildActionMask = 2147483647;
			files = (
				9719B77C22545AA000D6D317 /* LaunchScreen.storyboard in Resources */,
				9719B77922545AA000D6D317 /* Assets.xcassets in Resources */,
				9719B78822545F7C00D6D317 /* Search.storyboard in Resources */,
				9719B77722545A9E00D6D317 /* Main.storyboard in Resources */,
			);
			runOnlyForDeploymentPostprocessing = 0;
		};
/* End PBXResourcesBuildPhase section */

/* Begin PBXSourcesBuildPhase section */
		9719B76A22545A9E00D6D317 /* Sources */ = {
			isa = PBXSourcesBuildPhase;
			buildActionMask = 2147483647;
			files = (
				9719B78622545B4600D6D317 /* ShowTableViewController.swift in Sources */,
				9719B77422545A9E00D6D317 /* ViewController.swift in Sources */,
				9719B78422545B0800D6D317 /* MasterTableViewController.swift in Sources */,
				9719B77222545A9E00D6D317 /* AppDelegate.swift in Sources */,
			);
			runOnlyForDeploymentPostprocessing = 0;
		};
/* End PBXSourcesBuildPhase section */

/* Begin PBXVariantGroup section */
		9719B77522545A9E00D6D317 /* Main.storyboard */ = {
			isa = PBXVariantGroup;
			children = (
				9719B77622545A9E00D6D317 /* Base */,
			);
			name = Main.storyboard;
			sourceTree = "<group>";
		};
		9719B77A22545AA000D6D317 /* LaunchScreen.storyboard */ = {
			isa = PBXVariantGroup;
			children = (
				9719B77B22545AA000D6D317 /* Base */,
			);
			name = LaunchScreen.storyboard;
			sourceTree = "<group>";
		};
/* End PBXVariantGroup section */

/* Begin XCBuildConfiguration section */
		9719B77E22545AA000D6D317 /* Debug */ = {
			isa = XCBuildConfiguration;
			buildSettings = {
				ALWAYS_SEARCH_USER_PATHS = NO;
				CLANG_ANALYZER_NONNULL = YES;
				CLANG_ANALYZER_NUMBER_OBJECT_CONVERSION = YES_AGGRESSIVE;
				CLANG_CXX_LANGUAGE_STANDARD = "gnu++14";
				CLANG_CXX_LIBRARY = "libc++";
				CLANG_ENABLE_MODULES = YES;
				CLANG_ENABLE_OBJC_ARC = YES;
				CLANG_ENABLE_OBJC_WEAK = YES;
				CLANG_WARN_BLOCK_CAPTURE_AUTORELEASING = YES;
				CLANG_WARN_BOOL_CONVERSION = YES;
				CLANG_WARN_COMMA = YES;
				CLANG_WARN_CONSTANT_CONVERSION = YES;
				CLANG_WARN_DEPRECATED_OBJC_IMPLEMENTATIONS = YES;
				CLANG_WARN_DIRECT_OBJC_ISA_USAGE = YES_ERROR;
				CLANG_WARN_DOCUMENTATION_COMMENTS = YES;
				CLANG_WARN_EMPTY_BODY = YES;
				CLANG_WARN_ENUM_CONVERSION = YES;
				CLANG_WARN_INFINITE_RECURSION = YES;
				CLANG_WARN_INT_CONVERSION = YES;
				CLANG_WARN_NON_LITERAL_NULL_CONVERSION = YES;
				CLANG_WARN_OBJC_IMPLICIT_RETAIN_SELF = YES;
				CLANG_WARN_OBJC_LITERAL_CONVERSION = YES;
				CLANG_WARN_OBJC_ROOT_CLASS = YES_ERROR;
				CLANG_WARN_RANGE_LOOP_ANALYSIS = YES;
				CLANG_WARN_STRICT_PROTOTYPES = YES;
				CLANG_WARN_SUSPICIOUS_MOVE = YES;
				CLANG_WARN_UNGUARDED_AVAILABILITY = YES_AGGRESSIVE;
				CLANG_WARN_UNREACHABLE_CODE = YES;
				CLANG_WARN__DUPLICATE_METHOD_MATCH = YES;
				CODE_SIGN_IDENTITY = "iPhone Developer";
				COPY_PHASE_STRIP = NO;
				DEBUG_INFORMATION_FORMAT = dwarf;
				ENABLE_STRICT_OBJC_MSGSEND = YES;
				ENABLE_TESTABILITY = YES;
				GCC_C_LANGUAGE_STANDARD = gnu11;
				GCC_DYNAMIC_NO_PIC = NO;
				GCC_NO_COMMON_BLOCKS = YES;
				GCC_OPTIMIZATION_LEVEL = 0;
				GCC_PREPROCESSOR_DEFINITIONS = (
					"DEBUG=1",
					"$(inherited)",
				);
				GCC_WARN_64_TO_32_BIT_CONVERSION = YES;
				GCC_WARN_ABOUT_RETURN_TYPE = YES_ERROR;
				GCC_WARN_UNDECLARED_SELECTOR = YES;
				GCC_WARN_UNINITIALIZED_AUTOS = YES_AGGRESSIVE;
				GCC_WARN_UNUSED_FUNCTION = YES;
				GCC_WARN_UNUSED_VARIABLE = YES;
				IPHONEOS_DEPLOYMENT_TARGET = 11.4;
				MTL_ENABLE_DEBUG_INFO = YES;
				ONLY_ACTIVE_ARCH = YES;
				SDKROOT = iphoneos;
				SWIFT_ACTIVE_COMPILATION_CONDITIONS = DEBUG;
				SWIFT_OPTIMIZATION_LEVEL = "-Onone";
			};
			name = Debug;
		};
		9719B77F22545AA000D6D317 /* Release */ = {
			isa = XCBuildConfiguration;
			buildSettings = {
				ALWAYS_SEARCH_USER_PATHS = NO;
				CLANG_ANALYZER_NONNULL = YES;
				CLANG_ANALYZER_NUMBER_OBJECT_CONVERSION = YES_AGGRESSIVE;
				CLANG_CXX_LANGUAGE_STANDARD = "gnu++14";
				CLANG_CXX_LIBRARY = "libc++";
				CLANG_ENABLE_MODULES = YES;
				CLANG_ENABLE_OBJC_ARC = YES;
				CLANG_ENABLE_OBJC_WEAK = YES;
				CLANG_WARN_BLOCK_CAPTURE_AUTORELEASING = YES;
				CLANG_WARN_BOOL_CONVERSION = YES;
				CLANG_WARN_COMMA = YES;
				CLANG_WARN_CONSTANT_CONVERSION = YES;
				CLANG_WARN_DEPRECATED_OBJC_IMPLEMENTATIONS = YES;
				CLANG_WARN_DIRECT_OBJC_ISA_USAGE = YES_ERROR;
				CLANG_WARN_DOCUMENTATION_COMMENTS = YES;
				CLANG_WARN_EMPTY_BODY = YES;
				CLANG_WARN_ENUM_CONVERSION = YES;
				CLANG_WARN_INFINITE_RECURSION = YES;
				CLANG_WARN_INT_CONVERSION = YES;
				CLANG_WARN_NON_LITERAL_NULL_CONVERSION = YES;
				CLANG_WARN_OBJC_IMPLICIT_RETAIN_SELF = YES;
				CLANG_WARN_OBJC_LITERAL_CONVERSION = YES;
				CLANG_WARN_OBJC_ROOT_CLASS = YES_ERROR;
				CLANG_WARN_RANGE_LOOP_ANALYSIS = YES;
				CLANG_WARN_STRICT_PROTOTYPES = YES;
				CLANG_WARN_SUSPICIOUS_MOVE = YES;
				CLANG_WARN_UNGUARDED_AVAILABILITY = YES_AGGRESSIVE;
				CLANG_WARN_UNREACHABLE_CODE = YES;
				CLANG_WARN__DUPLICATE_METHOD_MATCH = YES;
				CODE_SIGN_IDENTITY = "iPhone Developer";
				COPY_PHASE_STRIP = NO;
				DEBUG_INFORMATION_FORMAT = "dwarf-with-dsym";
				ENABLE_NS_ASSERTIONS = NO;
				ENABLE_STRICT_OBJC_MSGSEND = YES;
				GCC_C_LANGUAGE_STANDARD = gnu11;
				GCC_NO_COMMON_BLOCKS = YES;
				GCC_WARN_64_TO_32_BIT_CONVERSION = YES;
				GCC_WARN_ABOUT_RETURN_TYPE = YES_ERROR;
				GCC_WARN_UNDECLARED_SELECTOR = YES;
				GCC_WARN_UNINITIALIZED_AUTOS = YES_AGGRESSIVE;
				GCC_WARN_UNUSED_FUNCTION = YES;
				GCC_WARN_UNUSED_VARIABLE = YES;
				IPHONEOS_DEPLOYMENT_TARGET = 11.4;
				MTL_ENABLE_DEBUG_INFO = NO;
				SDKROOT = iphoneos;
				SWIFT_COMPILATION_MODE = wholemodule;
				SWIFT_OPTIMIZATION_LEVEL = "-O";
				VALIDATE_PRODUCT = YES;
			};
			name = Release;
		};
		9719B78122545AA000D6D317 /* Debug */ = {
			isa = XCBuildConfiguration;
			buildSettings = {
				ASSETCATALOG_COMPILER_APPICON_NAME = AppIcon;
				CODE_SIGN_STYLE = Automatic;
				INFOPLIST_FILE = SearchBar2/Info.plist;
				LD_RUNPATH_SEARCH_PATHS = (
					"$(inherited)",
					"@executable_path/Frameworks",
				);
				PRODUCT_BUNDLE_IDENTIFIER = "-.SearchBar2";
				PRODUCT_NAME = "$(TARGET_NAME)";
				SWIFT_VERSION = 4.0;
				TARGETED_DEVICE_FAMILY = "1,2";
			};
			name = Debug;
		};
		9719B78222545AA000D6D317 /* Release */ = {
			isa = XCBuildConfiguration;
			buildSettings = {
				ASSETCATALOG_COMPILER_APPICON_NAME = AppIcon;
				CODE_SIGN_STYLE = Automatic;
				INFOPLIST_FILE = SearchBar2/Info.plist;
				LD_RUNPATH_SEARCH_PATHS = (
					"$(inherited)",
					"@executable_path/Frameworks",
				);
				PRODUCT_BUNDLE_IDENTIFIER = "-.SearchBar2";
				PRODUCT_NAME = "$(TARGET_NAME)";
				SWIFT_VERSION = 4.0;
				TARGETED_DEVICE_FAMILY = "1,2";
			};
			name = Release;
		};
/* End XCBuildConfiguration section */

/* Begin XCConfigurationList section */
		9719B76922545A9E00D6D317 /* Build configuration list for PBXProject "SearchBar2" */ = {
			isa = XCConfigurationList;
			buildConfigurations = (
				9719B77E22545AA000D6D317 /* Debug */,
				9719B77F22545AA000D6D317 /* Release */,
			);
			defaultConfigurationIsVisible = 0;
			defaultConfigurationName = Release;
		};
		9719B78022545AA000D6D317 /* Build configuration list for PBXNativeTarget "SearchBar2" */ = {
			isa = XCConfigurationList;
			buildConfigurations = (
				9719B78122545AA000D6D317 /* Debug */,
				9719B78222545AA000D6D317 /* Release */,
			);
			defaultConfigurationIsVisible = 0;
			defaultConfigurationName = Release;
		};
/* End XCConfigurationList section */
	};
	rootObject = 9719B76622545A9E00D6D317 /* Project object */;
}
